
Microsoft Visual Studio Solution File, Format Version 12.00
# Visual Studio 15
VisualStudioVersion = 15.0.27130.2027
MinimumVisualStudioVersion = 10.0.40219.1
Project("{8BC9CEB8-8B4A-11D0-8D11-00A0C91BC942}") = "Stackify.Poco.Sample", "Stackify.Poco.Sample\Stackify.Poco.Sample.vcxproj", "{086B3847-BDD8-4C90-88D9-EC6C4BC1421E}"
EndProject
Project("{8BC9CEB8-8B4A-11D0-8D11-00A0C91BC942}") = "Stackify.Poco", "Stackify.Poco\Stackify.Poco.vcxproj", "{8C392E02-01D4-4D1D-BE56-3DC612550FFD}"
EndProject
Project("{8BC9CEB8-8B4A-11D0-8D11-00A0C91BC942}") = "Stackify.Android", "Stackify.Android\Stackify.Android.vcxproj", "{CCAC576E-57BA-4C45-8877-789103B69A4E}"
EndProject
Project("{2150E333-8FDC-42A3-9474-1A3956D46DE8}") = "Stackify.Android.Sample", "Stackify.Android.Sample", "{8FC40157-ED07-42CB-AB36-2ACFC4410313}"
EndProject
Project("{39E2626F-3545-4960-A6E8-258AD8476CE5}") = "Stackify.Android.Sample.Packaging", "Stackify.Android.Sample\Stackify.Android.Sample.Packaging\Stackify.Android.Sample.Packaging.androidproj", "{171C522B-13A3-4D90-85E9-996F71C0ED49}"
EndProject
Project("{8BC9CEB8-8B4A-11D0-8D11-00A0C91BC942}") = "Stackify.Android.Sample.NativeActivity", "Stackify.Android.Sample\Stackify.Android.Sample.NativeActivity\Stackify.Android.Sample.NativeActivity.vcxproj", "{FC996CF4-3B91-46CC-B0B7-D05BBCAE39C1}"
EndProject
Project("{8BC9CEB8-8B4A-11D0-8D11-00A0C91BC942}") = "Stackify.iOS", "Stackify.iOS\Stackify.iOS.vcxproj", "{8AEF9504-8F80-4AEC-9CCF-2B005AE7C71E}"
EndProject
Project("{8BC9CEB8-8B4A-11D0-8D11-00A0C91BC942}") = "Stackify", "Stackify\Stackify.vcxproj", "{18BC782A-1392-49E3-9101-FD0EFA542CCB}"
EndProject
Project("{8BC9CEB8-8B4A-11D0-8D11-00A0C91BC942}") = "Stackify.Sample", "Stackify.Sample\Stackify.Sample.vcxproj", "{6A167D8A-C94F-4836-8232-11109AE10E91}"
EndProject
Project("{8BC9CEB8-8B4A-11D0-8D11-00A0C91BC942}") = "Stackify.Linux.Sample", "Stackify.Linux.Sample\Stackify.Linux.Sample.vcxproj", "{83CF9560-612E-42A2-9012-78AD6AF14F02}"
EndProject
Project("{8BC9CEB8-8B4A-11D0-8D11-00A0C91BC942}") = "Stackify.Linux", "Stackify.Linux\Stackify.Linux.vcxproj", "{D29F9EC5-8F1B-4913-873D-C99F7A023617}"
EndProject
Global
	GlobalSection(SolutionConfigurationPlatforms) = preSolution
		Debug|ARM = Debug|ARM
		Debug|ARM64 = Debug|ARM64
		Debug|x64 = Debug|x64
		Debug|x86 = Debug|x86
		Release|ARM = Release|ARM
		Release|ARM64 = Release|ARM64
		Release|x64 = Release|x64
		Release|x86 = Release|x86
	EndGlobalSection
	GlobalSection(ProjectConfigurationPlatforms) = postSolution
		{086B3847-BDD8-4C90-88D9-EC6C4BC1421E}.Debug|ARM.ActiveCfg = Debug|Win32
		{086B3847-BDD8-4C90-88D9-EC6C4BC1421E}.Debug|ARM64.ActiveCfg = Debug|Win32
		{086B3847-BDD8-4C90-88D9-EC6C4BC1421E}.Debug|x64.ActiveCfg = Debug|x64
		{086B3847-BDD8-4C90-88D9-EC6C4BC1421E}.Debug|x64.Build.0 = Debug|x64
		{086B3847-BDD8-4C90-88D9-EC6C4BC1421E}.Debug|x86.ActiveCfg = Debug|Win32
		{086B3847-BDD8-4C90-88D9-EC6C4BC1421E}.Debug|x86.Build.0 = Debug|Win32
		{086B3847-BDD8-4C90-88D9-EC6C4BC1421E}.Release|ARM.ActiveCfg = Release|Win32
		{086B3847-BDD8-4C90-88D9-EC6C4BC1421E}.Release|ARM64.ActiveCfg = Release|Win32
		{086B3847-BDD8-4C90-88D9-EC6C4BC1421E}.Release|x64.ActiveCfg = Release|x64
		{086B3847-BDD8-4C90-88D9-EC6C4BC1421E}.Release|x64.Build.0 = Release|x64
		{086B3847-BDD8-4C90-88D9-EC6C4BC1421E}.Release|x86.ActiveCfg = Release|Win32
		{086B3847-BDD8-4C90-88D9-EC6C4BC1421E}.Release|x86.Build.0 = Release|Win32
		{8C392E02-01D4-4D1D-BE56-3DC612550FFD}.Debug|ARM.ActiveCfg = Debug|Win32
		{8C392E02-01D4-4D1D-BE56-3DC612550FFD}.Debug|ARM64.ActiveCfg = Debug|Win32
		{8C392E02-01D4-4D1D-BE56-3DC612550FFD}.Debug|x64.ActiveCfg = Debug|x64
		{8C392E02-01D4-4D1D-BE56-3DC612550FFD}.Debug|x64.Build.0 = Debug|x64
		{8C392E02-01D4-4D1D-BE56-3DC612550FFD}.Debug|x64.Deploy.0 = Debug|x64
		{8C392E02-01D4-4D1D-BE56-3DC612550FFD}.Debug|x86.ActiveCfg = Debug|Win32
		{8C392E02-01D4-4D1D-BE56-3DC612550FFD}.Debug|x86.Build.0 = Debug|Win32
		{8C392E02-01D4-4D1D-BE56-3DC612550FFD}.Debug|x86.Deploy.0 = Debug|Win32
		{8C392E02-01D4-4D1D-BE56-3DC612550FFD}.Release|ARM.ActiveCfg = Release|Win32
		{8C392E02-01D4-4D1D-BE56-3DC612550FFD}.Release|ARM64.ActiveCfg = Release|Win32
		{8C392E02-01D4-4D1D-BE56-3DC612550FFD}.Release|x64.ActiveCfg = Release|x64
		{8C392E02-01D4-4D1D-BE56-3DC612550FFD}.Release|x64.Build.0 = Release|x64
		{8C392E02-01D4-4D1D-BE56-3DC612550FFD}.Release|x64.Deploy.0 = Release|x64
		{8C392E02-01D4-4D1D-BE56-3DC612550FFD}.Release|x86.ActiveCfg = Release|Win32
		{8C392E02-01D4-4D1D-BE56-3DC612550FFD}.Release|x86.Build.0 = Release|Win32
		{8C392E02-01D4-4D1D-BE56-3DC612550FFD}.Release|x86.Deploy.0 = Release|Win32
		{CCAC576E-57BA-4C45-8877-789103B69A4E}.Debug|ARM.ActiveCfg = Debug|ARM
		{CCAC576E-57BA-4C45-8877-789103B69A4E}.Debug|ARM.Build.0 = Debug|ARM
		{CCAC576E-57BA-4C45-8877-789103B69A4E}.Debug|ARM64.ActiveCfg = Debug|ARM64
		{CCAC576E-57BA-4C45-8877-789103B69A4E}.Debug|ARM64.Build.0 = Debug|ARM64
		{CCAC576E-57BA-4C45-8877-789103B69A4E}.Debug|x64.ActiveCfg = Debug|x64
		{CCAC576E-57BA-4C45-8877-789103B69A4E}.Debug|x64.Build.0 = Debug|x64
		{CCAC576E-57BA-4C45-8877-789103B69A4E}.Debug|x86.ActiveCfg = Debug|x86
		{CCAC576E-57BA-4C45-8877-789103B69A4E}.Debug|x86.Build.0 = Debug|x86
		{CCAC576E-57BA-4C45-8877-789103B69A4E}.Release|ARM.ActiveCfg = Release|ARM
		{CCAC576E-57BA-4C45-8877-789103B69A4E}.Release|ARM.Build.0 = Release|ARM
		{CCAC576E-57BA-4C45-8877-789103B69A4E}.Release|ARM64.ActiveCfg = Release|ARM64
		{CCAC576E-57BA-4C45-8877-789103B69A4E}.Release|ARM64.Build.0 = Release|ARM64
		{CCAC576E-57BA-4C45-8877-789103B69A4E}.Release|x64.ActiveCfg = Release|x64
		{CCAC576E-57BA-4C45-8877-789103B69A4E}.Release|x64.Build.0 = Release|x64
		{CCAC576E-57BA-4C45-8877-789103B69A4E}.Release|x86.ActiveCfg = Release|x86
		{CCAC576E-57BA-4C45-8877-789103B69A4E}.Release|x86.Build.0 = Release|x86
		{171C522B-13A3-4D90-85E9-996F71C0ED49}.Debug|ARM.ActiveCfg = Debug|ARM
		{171C522B-13A3-4D90-85E9-996F71C0ED49}.Debug|ARM.Build.0 = Debug|ARM
		{171C522B-13A3-4D90-85E9-996F71C0ED49}.Debug|ARM.Deploy.0 = Debug|ARM
		{171C522B-13A3-4D90-85E9-996F71C0ED49}.Debug|ARM64.ActiveCfg = Debug|ARM64
		{171C522B-13A3-4D90-85E9-996F71C0ED49}.Debug|ARM64.Build.0 = Debug|ARM64
		{171C522B-13A3-4D90-85E9-996F71C0ED49}.Debug|ARM64.Deploy.0 = Debug|ARM64
		{171C522B-13A3-4D90-85E9-996F71C0ED49}.Debug|x64.ActiveCfg = Debug|x64
		{171C522B-13A3-4D90-85E9-996F71C0ED49}.Debug|x64.Build.0 = Debug|x64
		{171C522B-13A3-4D90-85E9-996F71C0ED49}.Debug|x64.Deploy.0 = Debug|x64
		{171C522B-13A3-4D90-85E9-996F71C0ED49}.Debug|x86.ActiveCfg = Debug|x86
		{171C522B-13A3-4D90-85E9-996F71C0ED49}.Debug|x86.Build.0 = Debug|x86
		{171C522B-13A3-4D90-85E9-996F71C0ED49}.Debug|x86.Deploy.0 = Debug|x86
		{171C522B-13A3-4D90-85E9-996F71C0ED49}.Release|ARM.ActiveCfg = Release|ARM
		{171C522B-13A3-4D90-85E9-996F71C0ED49}.Release|ARM.Build.0 = Release|ARM
		{171C522B-13A3-4D90-85E9-996F71C0ED49}.Release|ARM.Deploy.0 = Release|ARM
		{171C522B-13A3-4D90-85E9-996F71C0ED49}.Release|ARM64.ActiveCfg = Release|ARM64
		{171C522B-13A3-4D90-85E9-996F71C0ED49}.Release|ARM64.Build.0 = Release|ARM64
		{171C522B-13A3-4D90-85E9-996F71C0ED49}.Release|ARM64.Deploy.0 = Release|ARM64
		{171C522B-13A3-4D90-85E9-996F71C0ED49}.Release|x64.ActiveCfg = Release|x64
		{171C522B-13A3-4D90-85E9-996F71C0ED49}.Release|x64.Build.0 = Release|x64
		{171C522B-13A3-4D90-85E9-996F71C0ED49}.Release|x64.Deploy.0 = Release|x64
		{171C522B-13A3-4D90-85E9-996F71C0ED49}.Release|x86.ActiveCfg = Release|x86
		{171C522B-13A3-4D90-85E9-996F71C0ED49}.Release|x86.Build.0 = Release|x86
		{171C522B-13A3-4D90-85E9-996F71C0ED49}.Release|x86.Deploy.0 = Release|x86
		{FC996CF4-3B91-46CC-B0B7-D05BBCAE39C1}.Debug|ARM.ActiveCfg = Debug|ARM
		{FC996CF4-3B91-46CC-B0B7-D05BBCAE39C1}.Debug|ARM.Build.0 = Debug|ARM
		{FC996CF4-3B91-46CC-B0B7-D05BBCAE39C1}.Debug|ARM64.ActiveCfg = Debug|ARM64
		{FC996CF4-3B91-46CC-B0B7-D05BBCAE39C1}.Debug|ARM64.Build.0 = Debug|ARM64
		{FC996CF4-3B91-46CC-B0B7-D05BBCAE39C1}.Debug|x64.ActiveCfg = Debug|x64
		{FC996CF4-3B91-46CC-B0B7-D05BBCAE39C1}.Debug|x64.Build.0 = Debug|x64
		{FC996CF4-3B91-46CC-B0B7-D05BBCAE39C1}.Debug|x86.ActiveCfg = Debug|x86
		{FC996CF4-3B91-46CC-B0B7-D05BBCAE39C1}.Debug|x86.Build.0 = Debug|x86
		{FC996CF4-3B91-46CC-B0B7-D05BBCAE39C1}.Release|ARM.ActiveCfg = Release|ARM
		{FC996CF4-3B91-46CC-B0B7-D05BBCAE39C1}.Release|ARM.Build.0 = Release|ARM
		{FC996CF4-3B91-46CC-B0B7-D05BBCAE39C1}.Release|ARM64.ActiveCfg = Release|ARM64
		{FC996CF4-3B91-46CC-B0B7-D05BBCAE39C1}.Release|ARM64.Build.0 = Release|ARM64
		{FC996CF4-3B91-46CC-B0B7-D05BBCAE39C1}.Release|x64.ActiveCfg = Release|x64
		{FC996CF4-3B91-46CC-B0B7-D05BBCAE39C1}.Release|x64.Build.0 = Release|x64
		{FC996CF4-3B91-46CC-B0B7-D05BBCAE39C1}.Release|x86.ActiveCfg = Release|x86
		{FC996CF4-3B91-46CC-B0B7-D05BBCAE39C1}.Release|x86.Build.0 = Release|x86
		{8AEF9504-8F80-4AEC-9CCF-2B005AE7C71E}.Debug|ARM.ActiveCfg = Debug|ARM
		{8AEF9504-8F80-4AEC-9CCF-2B005AE7C71E}.Debug|ARM.Build.0 = Debug|ARM
		{8AEF9504-8F80-4AEC-9CCF-2B005AE7C71E}.Debug|ARM64.ActiveCfg = Debug|ARM64
		{8AEF9504-8F80-4AEC-9CCF-2B005AE7C71E}.Debug|ARM64.Build.0 = Debug|ARM64
		{8AEF9504-8F80-4AEC-9CCF-2B005AE7C71E}.Debug|x64.ActiveCfg = Debug|x64
		{8AEF9504-8F80-4AEC-9CCF-2B005AE7C71E}.Debug|x64.Build.0 = Debug|x64
		{8AEF9504-8F80-4AEC-9CCF-2B005AE7C71E}.Debug|x86.ActiveCfg = Debug|x86
		{8AEF9504-8F80-4AEC-9CCF-2B005AE7C71E}.Debug|x86.Build.0 = Debug|x86
		{8AEF9504-8F80-4AEC-9CCF-2B005AE7C71E}.Release|ARM.ActiveCfg = Release|ARM
		{8AEF9504-8F80-4AEC-9CCF-2B005AE7C71E}.Release|ARM.Build.0 = Release|ARM
		{8AEF9504-8F80-4AEC-9CCF-2B005AE7C71E}.Release|ARM64.ActiveCfg = Release|ARM64
		{8AEF9504-8F80-4AEC-9CCF-2B005AE7C71E}.Release|ARM64.Build.0 = Release|ARM64
		{8AEF9504-8F80-4AEC-9CCF-2B005AE7C71E}.Release|x64.ActiveCfg = Release|x64
		{8AEF9504-8F80-4AEC-9CCF-2B005AE7C71E}.Release|x64.Build.0 = Release|x64
		{8AEF9504-8F80-4AEC-9CCF-2B005AE7C71E}.Release|x86.ActiveCfg = Release|x86
		{8AEF9504-8F80-4AEC-9CCF-2B005AE7C71E}.Release|x86.Build.0 = Release|x86
		{18BC782A-1392-49E3-9101-FD0EFA542CCB}.Debug|ARM.ActiveCfg = Debug|Win32
		{18BC782A-1392-49E3-9101-FD0EFA542CCB}.Debug|ARM64.ActiveCfg = Debug|Win32
		{18BC782A-1392-49E3-9101-FD0EFA542CCB}.Debug|x64.ActiveCfg = Debug|x64
		{18BC782A-1392-49E3-9101-FD0EFA542CCB}.Debug|x64.Build.0 = Debug|x64
		{18BC782A-1392-49E3-9101-FD0EFA542CCB}.Debug|x86.ActiveCfg = Debug|Win32
		{18BC782A-1392-49E3-9101-FD0EFA542CCB}.Debug|x86.Build.0 = Debug|Win32
		{18BC782A-1392-49E3-9101-FD0EFA542CCB}.Release|ARM.ActiveCfg = Release|Win32
		{18BC782A-1392-49E3-9101-FD0EFA542CCB}.Release|ARM64.ActiveCfg = Release|Win32
		{18BC782A-1392-49E3-9101-FD0EFA542CCB}.Release|x64.ActiveCfg = Release|x64
		{18BC782A-1392-49E3-9101-FD0EFA542CCB}.Release|x64.Build.0 = Release|x64
		{18BC782A-1392-49E3-9101-FD0EFA542CCB}.Release|x86.ActiveCfg = Release|Win32
		{18BC782A-1392-49E3-9101-FD0EFA542CCB}.Release|x86.Build.0 = Release|Win32
		{6A167D8A-C94F-4836-8232-11109AE10E91}.Debug|ARM.ActiveCfg = Debug|Win32
		{6A167D8A-C94F-4836-8232-11109AE10E91}.Debug|ARM64.ActiveCfg = Debug|Win32
		{6A167D8A-C94F-4836-8232-11109AE10E91}.Debug|x64.ActiveCfg = Debug|x64
		{6A167D8A-C94F-4836-8232-11109AE10E91}.Debug|x64.Build.0 = Debug|x64
		{6A167D8A-C94F-4836-8232-11109AE10E91}.Debug|x86.ActiveCfg = Debug|Win32
		{6A167D8A-C94F-4836-8232-11109AE10E91}.Debug|x86.Build.0 = Debug|Win32
		{6A167D8A-C94F-4836-8232-11109AE10E91}.Release|ARM.ActiveCfg = Release|Win32
		{6A167D8A-C94F-4836-8232-11109AE10E91}.Release|ARM64.ActiveCfg = Release|Win32
		{6A167D8A-C94F-4836-8232-11109AE10E91}.Release|x64.ActiveCfg = Release|x64
		{6A167D8A-C94F-4836-8232-11109AE10E91}.Release|x64.Build.0 = Release|x64
		{6A167D8A-C94F-4836-8232-11109AE10E91}.Release|x86.ActiveCfg = Release|Win32
		{6A167D8A-C94F-4836-8232-11109AE10E91}.Release|x86.Build.0 = Release|Win32
		{83CF9560-612E-42A2-9012-78AD6AF14F02}.Debug|ARM.ActiveCfg = Debug|ARM
		{83CF9560-612E-42A2-9012-78AD6AF14F02}.Debug|ARM.Build.0 = Debug|ARM
		{83CF9560-612E-42A2-9012-78AD6AF14F02}.Debug|ARM64.ActiveCfg = Debug|x86
		{83CF9560-612E-42A2-9012-78AD6AF14F02}.Debug|x64.ActiveCfg = Debug|x64
		{83CF9560-612E-42A2-9012-78AD6AF14F02}.Debug|x64.Build.0 = Debug|x64
		{83CF9560-612E-42A2-9012-78AD6AF14F02}.Debug|x86.ActiveCfg = Debug|x86
		{83CF9560-612E-42A2-9012-78AD6AF14F02}.Debug|x86.Build.0 = Debug|x86
		{83CF9560-612E-42A2-9012-78AD6AF14F02}.Release|ARM.ActiveCfg = Release|ARM
		{83CF9560-612E-42A2-9012-78AD6AF14F02}.Release|ARM.Build.0 = Release|ARM
		{83CF9560-612E-42A2-9012-78AD6AF14F02}.Release|ARM64.ActiveCfg = Release|x86
		{83CF9560-612E-42A2-9012-78AD6AF14F02}.Release|x64.ActiveCfg = Release|x64
		{83CF9560-612E-42A2-9012-78AD6AF14F02}.Release|x64.Build.0 = Release|x64
		{83CF9560-612E-42A2-9012-78AD6AF14F02}.Release|x86.ActiveCfg = Release|x86
		{83CF9560-612E-42A2-9012-78AD6AF14F02}.Release|x86.Build.0 = Release|x86
		{D29F9EC5-8F1B-4913-873D-C99F7A023617}.Debug|ARM.ActiveCfg = Debug|ARM
		{D29F9EC5-8F1B-4913-873D-C99F7A023617}.Debug|ARM.Build.0 = Debug|ARM
		{D29F9EC5-8F1B-4913-873D-C99F7A023617}.Debug|ARM64.ActiveCfg = Debug|x86
		{D29F9EC5-8F1B-4913-873D-C99F7A023617}.Debug|x64.ActiveCfg = Debug|x64
		{D29F9EC5-8F1B-4913-873D-C99F7A023617}.Debug|x64.Build.0 = Debug|x64
		{D29F9EC5-8F1B-4913-873D-C99F7A023617}.Debug|x86.ActiveCfg = Debug|x86
		{D29F9EC5-8F1B-4913-873D-C99F7A023617}.Debug|x86.Build.0 = Debug|x86
		{D29F9EC5-8F1B-4913-873D-C99F7A023617}.Release|ARM.ActiveCfg = Release|ARM
		{D29F9EC5-8F1B-4913-873D-C99F7A023617}.Release|ARM.Build.0 = Release|ARM
		{D29F9EC5-8F1B-4913-873D-C99F7A023617}.Release|ARM64.ActiveCfg = Release|x86
		{D29F9EC5-8F1B-4913-873D-C99F7A023617}.Release|x64.ActiveCfg = Release|x64
		{D29F9EC5-8F1B-4913-873D-C99F7A023617}.Release|x64.Build.0 = Release|x64
		{D29F9EC5-8F1B-4913-873D-C99F7A023617}.Release|x86.ActiveCfg = Release|x86
		{D29F9EC5-8F1B-4913-873D-C99F7A023617}.Release|x86.Build.0 = Release|x86
	EndGlobalSection
	GlobalSection(SolutionProperties) = preSolution
		HideSolutionNode = FALSE
	EndGlobalSection
	GlobalSection(NestedProjects) = preSolution
		{171C522B-13A3-4D90-85E9-996F71C0ED49} = {8FC40157-ED07-42CB-AB36-2ACFC4410313}
		{FC996CF4-3B91-46CC-B0B7-D05BBCAE39C1} = {8FC40157-ED07-42CB-AB36-2ACFC4410313}
	EndGlobalSection
	GlobalSection(ExtensibilityGlobals) = postSolution
		SolutionGuid = {E5E46D9E-37B5-4FD7-B65D-C5C03CCFC0EB}
	EndGlobalSection
EndGlobal
